
Microsoft Visual Studio Solution File, Format Version 12.00
# Visual Studio Version 16
VisualStudioVersion = 16.0.31729.503
MinimumVisualStudioVersion = 10.0.40219.1
Project("{9A19103F-16F7-4668-BE54-9A1E7A4F7556}") = "Ion.Net", "Ion.Net\Ion.Net.csproj", "{2ED1A43D-6666-4AC5-93EB-D9B9DB4B91C5}"
EndProject
Project("{FAE04EC0-301F-11D3-BF4B-00C04F79EFBC}") = "Ion.Net.Tests", "Ion.Net.Tests\Ion.Net.Tests.csproj", "{6B6221F7-42FA-49AC-8647-F11344E5F26F}"
EndProject
Global
	GlobalSection(SolutionConfigurationPlatforms) = preSolution
		Debug|Any CPU = Debug|Any CPU
		Release|Any CPU = Release|Any CPU
	EndGlobalSection
	GlobalSection(ProjectConfigurationPlatforms) = postSolution
		{2ED1A43D-6666-4AC5-93EB-D9B9DB4B91C5}.Debug|Any CPU.ActiveCfg = Debug|Any CPU
		{2ED1A43D-6666-4AC5-93EB-D9B9DB4B91C5}.Debug|Any CPU.Build.0 = Debug|Any CPU
		{2ED1A43D-6666-4AC5-93EB-D9B9DB4B91C5}.Release|Any CPU.ActiveCfg = Release|Any CPU
		{2ED1A43D-6666-4AC5-93EB-D9B9DB4B91C5}.Release|Any CPU.Build.0 = Release|Any CPU
		{6B6221F7-42FA-49AC-8647-F11344E5F26F}.Debug|Any CPU.ActiveCfg = Debug|Any CPU
		{6B6221F7-42FA-49AC-8647-F11344E5F26F}.Debug|Any CPU.Build.0 = Debug|Any CPU
		{6B6221F7-42FA-49AC-8647-F11344E5F26F}.Release|Any CPU.ActiveCfg = Release|Any CPU
		{6B6221F7-42FA-49AC-8647-F11344E5F26F}.Release|Any CPU.Build.0 = Release|Any CPU
	EndGlobalSection
	GlobalSection(SolutionProperties) = preSolution
		HideSolutionNode = FALSE
	EndGlobalSection
	GlobalSection(ExtensibilityGlobals) = postSolution
		SolutionGuid = {05C4A746-4A7E-4961-A226-2386BAD9DE5B}
	EndGlobalSection
EndGlobal
